{
  "originHash" : "dc1807c95df05cbefdb955fcdaad51fb3b350e43f9f9bc4e73bc6e6dcf776c74",
  "pins" : [
    {
      "identity" : "fscalendar",
      "kind" : "remoteSourceControl",
      "location" : "https://github.com/WenchaoD/FSCalendar",
      "state" : {
        "revision" : "0fbdec5172fccb90f707472eeaea4ffe095278f6",
        "version" : "2.8.4"
      }
    },
    {
      "identity" : "swifterswift",
      "kind" : "remoteSourceControl",
      "location" : "https://github.com/SwifterSwift/SwifterSwift",
      "state" : {
        "revision" : "5a6de915bb80234e1e31b3e3e5f7a7995fc1f4db",
        "version" : "7.0.0"
      }
    }
  ],
  "version" : 3
}
